// !$*UTF8*$!
{
	archiveVersion = 1;
	classes = {
	};
	objectVersion = 51;
	objects = {

/* Begin PBXBuildFile section */
		9024B0CC240E19CB002A486C /* TodoListViewController.swift in Sources */ = {isa = PBXBuildFile; fileRef = 9024B0CB240E19CB002A486C /* TodoListViewController.swift */; };
		9093E48024124B17001748C7 /* CategoryViewController.swift in Sources */ = {isa = PBXBuildFile; fileRef = 9093E47F24124B17001748C7 /* CategoryViewController.swift */; };
		9093E4842412682E001748C7 /* Item.swift in Sources */ = {isa = PBXBuildFile; fileRef = 9093E4832412682E001748C7 /* Item.swift */; };
		9093E48624126837001748C7 /* Category.swift in Sources */ = {isa = PBXBuildFile; fileRef = 9093E48524126837001748C7 /* Category.swift */; };
		9093E48824128C91001748C7 /* SwipeTableViewController.swift in Sources */ = {isa = PBXBuildFile; fileRef = 9093E48724128C91001748C7 /* SwipeTableViewController.swift */; };
		90ABE358240BF84B00E21BAF /* AppDelegate.swift in Sources */ = {isa = PBXBuildFile; fileRef = 90ABE357240BF84B00E21BAF /* AppDelegate.swift */; };
		90ABE35A240BF84B00E21BAF /* SceneDelegate.swift in Sources */ = {isa = PBXBuildFile; fileRef = 90ABE359240BF84B00E21BAF /* SceneDelegate.swift */; };
		90ABE35F240BF84B00E21BAF /* Main.storyboard in Resources */ = {isa = PBXBuildFile; fileRef = 90ABE35D240BF84B00E21BAF /* Main.storyboard */; };
		90ABE361240BF84D00E21BAF /* Assets.xcassets in Resources */ = {isa = PBXBuildFile; fileRef = 90ABE360240BF84D00E21BAF /* Assets.xcassets */; };
		90ABE364240BF84D00E21BAF /* LaunchScreen.storyboard in Resources */ = {isa = PBXBuildFile; fileRef = 90ABE362240BF84D00E21BAF /* LaunchScreen.storyboard */; };
		C792DE9C0B82296B2614D6D4 /* Pods_Todoey.framework in Frameworks */ = {isa = PBXBuildFile; fileRef = A37095FB651172DC202D9E6A /* Pods_Todoey.framework */; };
/* End PBXBuildFile section */

/* Begin PBXFileReference section */
		119D6C2770937FD4DA79827E /* Pods-Todoey.debug.xcconfig */ = {isa = PBXFileReference; includeInIndex = 1; lastKnownFileType = text.xcconfig; name = "Pods-Todoey.debug.xcconfig"; path = "Target Support Files/Pods-Todoey/Pods-Todoey.debug.xcconfig"; sourceTree = "<group>"; };
		5F21C5B59965F13641119995 /* Pods-Todoey.release.xcconfig */ = {isa = PBXFileReference; includeInIndex = 1; lastKnownFileType = text.xcconfig; name = "Pods-Todoey.release.xcconfig"; path = "Target Support Files/Pods-Todoey/Pods-Todoey.release.xcconfig"; sourceTree = "<group>"; };
		9024B0CB240E19CB002A486C /* TodoListViewController.swift */ = {isa = PBXFileReference; lastKnownFileType = sourcecode.swift; path = TodoListViewController.swift; sourceTree = "<group>"; };
		9093E47F24124B17001748C7 /* CategoryViewController.swift */ = {isa = PBXFileReference; lastKnownFileType = sourcecode.swift; path = CategoryViewController.swift; sourceTree = "<group>"; };
		9093E4832412682E001748C7 /* Item.swift */ = {isa = PBXFileReference; lastKnownFileType = sourcecode.swift; path = Item.swift; sourceTree = "<group>"; };
		9093E48524126837001748C7 /* Category.swift */ = {isa = PBXFileReference; lastKnownFileType = sourcecode.swift; path = Category.swift; sourceTree = "<group>"; };
		9093E48724128C91001748C7 /* SwipeTableViewController.swift */ = {isa = PBXFileReference; lastKnownFileType = sourcecode.swift; path = SwipeTableViewController.swift; sourceTree = "<group>"; };
		90ABE354240BF84B00E21BAF /* Todoey.app */ = {isa = PBXFileReference; explicitFileType = wrapper.application; includeInIndex = 0; path = Todoey.app; sourceTree = BUILT_PRODUCTS_DIR; };
		90ABE357240BF84B00E21BAF /* AppDelegate.swift */ = {isa = PBXFileReference; lastKnownFileType = sourcecode.swift; path = AppDelegate.swift; sourceTree = "<group>"; };
		90ABE359240BF84B00E21BAF /* SceneDelegate.swift */ = {isa = PBXFileReference; lastKnownFileType = sourcecode.swift; path = SceneDelegate.swift; sourceTree = "<group>"; };
		90ABE35E240BF84B00E21BAF /* Base */ = {isa = PBXFileReference; lastKnownFileType = file.storyboard; name = Base; path = Base.lproj/Main.storyboard; sourceTree = "<group>"; };
		90ABE360240BF84D00E21BAF /* Assets.xcassets */ = {isa = PBXFileReference; lastKnownFileType = folder.assetcatalog; path = Assets.xcassets; sourceTree = "<group>"; };
		90ABE363240BF84D00E21BAF /* Base */ = {isa = PBXFileReference; lastKnownFileType = file.storyboard; name = Base; path = Base.lproj/LaunchScreen.storyboard; sourceTree = "<group>"; };
		90ABE365240BF84D00E21BAF /* Info.plist */ = {isa = PBXFileReference; lastKnownFileType = text.plist.xml; path = Info.plist; sourceTree = "<group>"; };
		A37095FB651172DC202D9E6A /* Pods_Todoey.framework */ = {isa = PBXFileReference; explicitFileType = wrapper.framework; includeInIndex = 0; path = Pods_Todoey.framework; sourceTree = BUILT_PRODUCTS_DIR; };
/* End PBXFileReference section */

/* Begin PBXFrameworksBuildPhase section */
		90ABE351240BF84B00E21BAF /* Frameworks */ = {
			isa = PBXFrameworksBuildPhase;
			buildActionMask = 2147483647;
			files = (
				C792DE9C0B82296B2614D6D4 /* Pods_Todoey.framework in Frameworks */,
			);
			runOnlyForDeploymentPostprocessing = 0;
		};
/* End PBXFrameworksBuildPhase section */

/* Begin PBXGroup section */
		1D0FED6C74EC5F9B461625E1 /* Frameworks */ = {
			isa = PBXGroup;
			children = (
				A37095FB651172DC202D9E6A /* Pods_Todoey.framework */,
			);
			name = Frameworks;
			sourceTree = "<group>";
		};
		9024B0CD240E8E0C002A486C /* View */ = {
			isa = PBXGroup;
			children = (
				90ABE35D240BF84B00E21BAF /* Main.storyboard */,
			);
			path = View;
			sourceTree = "<group>";
		};
		9024B0CE240E8E11002A486C /* Controller */ = {
			isa = PBXGroup;
			children = (
				9093E47F24124B17001748C7 /* CategoryViewController.swift */,
				9024B0CB240E19CB002A486C /* TodoListViewController.swift */,
				9093E48724128C91001748C7 /* SwipeTableViewController.swift */,
			);
			path = Controller;
			sourceTree = "<group>";
		};
		9024B0CF240E8E1D002A486C /* Model */ = {
			isa = PBXGroup;
			children = (
				9093E48524126837001748C7 /* Category.swift */,
				9093E4832412682E001748C7 /* Item.swift */,
			);
			path = Model;
			sourceTree = "<group>";
		};
		90ABE34B240BF84B00E21BAF = {
			isa = PBXGroup;
			children = (
				90ABE356240BF84B00E21BAF /* Todoey */,
				90ABE355240BF84B00E21BAF /* Products */,
				E0ED82F5A0DA1F11C0AB6031 /* Pods */,
				1D0FED6C74EC5F9B461625E1 /* Frameworks */,
			);
			sourceTree = "<group>";
		};
		90ABE355240BF84B00E21BAF /* Products */ = {
			isa = PBXGroup;
			children = (
				90ABE354240BF84B00E21BAF /* Todoey.app */,
			);
			name = Products;
			sourceTree = "<group>";
		};
		90ABE356240BF84B00E21BAF /* Todoey */ = {
			isa = PBXGroup;
			children = (
				90ABE357240BF84B00E21BAF /* AppDelegate.swift */,
				90ABE359240BF84B00E21BAF /* SceneDelegate.swift */,
				9024B0CF240E8E1D002A486C /* Model */,
				9024B0CD240E8E0C002A486C /* View */,
				9024B0CE240E8E11002A486C /* Controller */,
				90ABE360240BF84D00E21BAF /* Assets.xcassets */,
				90ABE362240BF84D00E21BAF /* LaunchScreen.storyboard */,
				90ABE365240BF84D00E21BAF /* Info.plist */,
			);
			path = Todoey;
			sourceTree = "<group>";
		};
		E0ED82F5A0DA1F11C0AB6031 /* Pods */ = {
			isa = PBXGroup;
			children = (
				119D6C2770937FD4DA79827E /* Pods-Todoey.debug.xcconfig */,
				5F21C5B59965F13641119995 /* Pods-Todoey.release.xcconfig */,
			);
			path = Pods;
			sourceTree = "<group>";
		};
/* End PBXGroup section */

/* Begin PBXNativeTarget section */
		90ABE353240BF84B00E21BAF /* Todoey */ = {
			isa = PBXNativeTarget;
			buildConfigurationList = 90ABE368240BF84D00E21BAF /* Build configuration list for PBXNativeTarget "Todoey" */;
			buildPhases = (
				90CE8EC5B24AC18371909150 /* [CP] Check Pods Manifest.lock */,
				90ABE350240BF84B00E21BAF /* Sources */,
				90ABE351240BF84B00E21BAF /* Frameworks */,
				90ABE352240BF84B00E21BAF /* Resources */,
				A82CF5D8469CCF7018014D96 /* [CP] Embed Pods Frameworks */,
			);
			buildRules = (
			);
			dependencies = (
			);
			name = Todoey;
			productName = Todoey;
			productReference = 90ABE354240BF84B00E21BAF /* Todoey.app */;
			productType = "com.apple.product-type.application";
		};
/* End PBXNativeTarget section */

/* Begin PBXProject section */
		90ABE34C240BF84B00E21BAF /* Project object */ = {
			isa = PBXProject;
			attributes = {
				LastSwiftUpdateCheck = 1130;
				LastUpgradeCheck = 1130;
				ORGANIZATIONNAME = "Xinyi Shen";
				TargetAttributes = {
					90ABE353240BF84B00E21BAF = {
						CreatedOnToolsVersion = 11.3.1;
					};
				};
			};
			buildConfigurationList = 90ABE34F240BF84B00E21BAF /* Build configuration list for PBXProject "Todoey" */;
			compatibilityVersion = "Xcode 9.3";
			developmentRegion = en;
			hasScannedForEncodings = 0;
			knownRegions = (
				en,
				Base,
			);
			mainGroup = 90ABE34B240BF84B00E21BAF;
			productRefGroup = 90ABE355240BF84B00E21BAF /* Products */;
			projectDirPath = "";
			projectRoot = "";
			targets = (
				90ABE353240BF84B00E21BAF /* Todoey */,
			);
		};
/* End PBXProject section */

/* Begin PBXResourcesBuildPhase section */
		90ABE352240BF84B00E21BAF /* Resources */ = {
			isa = PBXResourcesBuildPhase;
			buildActionMask = 2147483647;
			files = (
				90ABE364240BF84D00E21BAF /* LaunchScreen.storyboard in Resources */,
				90ABE361240BF84D00E21BAF /* Assets.xcassets in Resources */,
				90ABE35F240BF84B00E21BAF /* Main.storyboard in Resources */,
			);
			runOnlyForDeploymentPostprocessing = 0;
		};
/* End PBXResourcesBuildPhase section */

/* Begin PBXShellScriptBuildPhase section */
		90CE8EC5B24AC18371909150 /* [CP] Check Pods Manifest.lock */ = {
			isa = PBXShellScriptBuildPhase;
			buildActionMask = 2147483647;
			files = (
			);
			inputFileListPaths = (
			);
			inputPaths = (
				"${PODS_PODFILE_DIR_PATH}/Podfile.lock",
				"${PODS_ROOT}/Manifest.lock",
			);
			name = "[CP] Check Pods Manifest.lock";
			outputFileListPaths = (
			);
			outputPaths = (
				"$(DERIVED_FILE_DIR)/Pods-Todoey-checkManifestLockResult.txt",
			);
			runOnlyForDeploymentPostprocessing = 0;
			shellPath = /bin/sh;
			shellScript = "diff \"${PODS_PODFILE_DIR_PATH}/Podfile.lock\" \"${PODS_ROOT}/Manifest.lock\" > /dev/null\nif [ $? != 0 ] ; then\n    # print error to STDERR\n    echo \"error: The sandbox is not in sync with the Podfile.lock. Run 'pod install' or update your CocoaPods installation.\" >&2\n    exit 1\nfi\n# This output is used by Xcode 'outputs' to avoid re-running this script phase.\necho \"SUCCESS\" > \"${SCRIPT_OUTPUT_FILE_0}\"\n";
			showEnvVarsInLog = 0;
		};
		A82CF5D8469CCF7018014D96 /* [CP] Embed Pods Frameworks */ = {
			isa = PBXShellScriptBuildPhase;
			buildActionMask = 2147483647;
			files = (
			);
			inputFileListPaths = (
				"${PODS_ROOT}/Target Support Files/Pods-Todoey/Pods-Todoey-frameworks-${CONFIGURATION}-input-files.xcfilelist",
			);
			name = "[CP] Embed Pods Frameworks";
			outputFileListPaths = (
				"${PODS_ROOT}/Target Support Files/Pods-Todoey/Pods-Todoey-frameworks-${CONFIGURATION}-output-files.xcfilelist",
			);
			runOnlyForDeploymentPostprocessing = 0;
			shellPath = /bin/sh;
			shellScript = "\"${PODS_ROOT}/Target Support Files/Pods-Todoey/Pods-Todoey-frameworks.sh\"\n";
			showEnvVarsInLog = 0;
		};
/* End PBXShellScriptBuildPhase section */

/* Begin PBXSourcesBuildPhase section */
		90ABE350240BF84B00E21BAF /* Sources */ = {
			isa = PBXSourcesBuildPhase;
			buildActionMask = 2147483647;
			files = (
				9093E48024124B17001748C7 /* CategoryViewController.swift in Sources */,
				9024B0CC240E19CB002A486C /* TodoListViewController.swift in Sources */,
				90ABE358240BF84B00E21BAF /* AppDelegate.swift in Sources */,
				9093E48824128C91001748C7 /* SwipeTableViewController.swift in Sources */,
				9093E4842412682E001748C7 /* Item.swift in Sources */,
				90ABE35A240BF84B00E21BAF /* SceneDelegate.swift in Sources */,
				9093E48624126837001748C7 /* Category.swift in Sources */,
			);
			runOnlyForDeploymentPostprocessing = 0;
		};
/* End PBXSourcesBuildPhase section */

/* Begin PBXVariantGroup section */
		90ABE35D240BF84B00E21BAF /* Main.storyboard */ = {
			isa = PBXVariantGroup;
			children = (
				90ABE35E240BF84B00E21BAF /* Base */,
			);
			name = Main.storyboard;
			sourceTree = "<group>";
		};
		90ABE362240BF84D00E21BAF /* LaunchScreen.storyboard */ = {
			isa = PBXVariantGroup;
			children = (
				90ABE363240BF84D00E21BAF /* Base */,
			);
			name = LaunchScreen.storyboard;
			sourceTree = "<group>";
		};
/* End PBXVariantGroup section */

/* Begin XCBuildConfiguration section */
		90ABE366240BF84D00E21BAF /* Debug */ = {
			isa = XCBuildConfiguration;
			buildSettings = {
				ALWAYS_SEARCH_USER_PATHS = NO;
				CLANG_ANALYZER_NONNULL = YES;
				CLANG_ANALYZER_NUMBER_OBJECT_CONVERSION = YES_AGGRESSIVE;
				CLANG_CXX_LANGUAGE_STANDARD = "gnu++14";
				CLANG_CXX_LIBRARY = "libc++";
				CLANG_ENABLE_MODULES = YES;
				CLANG_ENABLE_OBJC_ARC = YES;
				CLANG_ENABLE_OBJC_WEAK = YES;
				CLANG_WARN_BLOCK_CAPTURE_AUTORELEASING = YES;
				CLANG_WARN_BOOL_CONVERSION = YES;
				CLANG_WARN_COMMA = YES;
				CLANG_WARN_CONSTANT_CONVERSION = YES;
				CLANG_WARN_DEPRECATED_OBJC_IMPLEMENTATIONS = YES;
				CLANG_WARN_DIRECT_OBJC_ISA_USAGE = YES_ERROR;
				CLANG_WARN_DOCUMENTATION_COMMENTS = YES;
				CLANG_WARN_EMPTY_BODY = YES;
				CLANG_WARN_ENUM_CONVERSION = YES;
				CLANG_WARN_INFINITE_RECURSION = YES;
				CLANG_WARN_INT_CONVERSION = YES;
				CLANG_WARN_NON_LITERAL_NULL_CONVERSION = YES;
				CLANG_WARN_OBJC_IMPLICIT_RETAIN_SELF = YES;
				CLANG_WARN_OBJC_LITERAL_CONVERSION = YES;
				CLANG_WARN_OBJC_ROOT_CLASS = YES_ERROR;
				CLANG_WARN_RANGE_LOOP_ANALYSIS = YES;
				CLANG_WARN_STRICT_PROTOTYPES = YES;
				CLANG_WARN_SUSPICIOUS_MOVE = YES;
				CLANG_WARN_UNGUARDED_AVAILABILITY = YES_AGGRESSIVE;
				CLANG_WARN_UNREACHABLE_CODE = YES;
				CLANG_WARN__DUPLICATE_METHOD_MATCH = YES;
				COPY_PHASE_STRIP = NO;
				DEBUG_INFORMATION_FORMAT = dwarf;
				ENABLE_STRICT_OBJC_MSGSEND = YES;
				ENABLE_TESTABILITY = YES;
				GCC_C_LANGUAGE_STANDARD = gnu11;
				GCC_DYNAMIC_NO_PIC = NO;
				GCC_NO_COMMON_BLOCKS = YES;
				GCC_OPTIMIZATION_LEVEL = 0;
				GCC_PREPROCESSOR_DEFINITIONS = (
					"DEBUG=1",
					"$(inherited)",
				);
				GCC_WARN_64_TO_32_BIT_CONVERSION = YES;
				GCC_WARN_ABOUT_RETURN_TYPE = YES_ERROR;
				GCC_WARN_UNDECLARED_SELECTOR = YES;
				GCC_WARN_UNINITIALIZED_AUTOS = YES_AGGRESSIVE;
				GCC_WARN_UNUSED_FUNCTION = YES;
				GCC_WARN_UNUSED_VARIABLE = YES;
				IPHONEOS_DEPLOYMENT_TARGET = 13.2;
				MTL_ENABLE_DEBUG_INFO = INCLUDE_SOURCE;
				MTL_FAST_MATH = YES;
				ONLY_ACTIVE_ARCH = YES;
				SDKROOT = iphoneos;
				SWIFT_ACTIVE_COMPILATION_CONDITIONS = DEBUG;
				SWIFT_OPTIMIZATION_LEVEL = "-Onone";
			};
			name = Debug;
		};
		90ABE367240BF84D00E21BAF /* Release */ = {
			isa = XCBuildConfiguration;
			buildSettings = {
				ALWAYS_SEARCH_USER_PATHS = NO;
				CLANG_ANALYZER_NONNULL = YES;
				CLANG_ANALYZER_NUMBER_OBJECT_CONVERSION = YES_AGGRESSIVE;
				CLANG_CXX_LANGUAGE_STANDARD = "gnu++14";
				CLANG_CXX_LIBRARY = "libc++";
				CLANG_ENABLE_MODULES = YES;
				CLANG_ENABLE_OBJC_ARC = YES;
				CLANG_ENABLE_OBJC_WEAK = YES;
				CLANG_WARN_BLOCK_CAPTURE_AUTORELEASING = YES;
				CLANG_WARN_BOOL_CONVERSION = YES;
				CLANG_WARN_COMMA = YES;
				CLANG_WARN_CONSTANT_CONVERSION = YES;
				CLANG_WARN_DEPRECATED_OBJC_IMPLEMENTATIONS = YES;
				CLANG_WARN_DIRECT_OBJC_ISA_USAGE = YES_ERROR;
				CLANG_WARN_DOCUMENTATION_COMMENTS = YES;
				CLANG_WARN_EMPTY_BODY = YES;
				CLANG_WARN_ENUM_CONVERSION = YES;
				CLANG_WARN_INFINITE_RECURSION = YES;
				CLANG_WARN_INT_CONVERSION = YES;
				CLANG_WARN_NON_LITERAL_NULL_CONVERSION = YES;
				CLANG_WARN_OBJC_IMPLICIT_RETAIN_SELF = YES;
				CLANG_WARN_OBJC_LITERAL_CONVERSION = YES;
				CLANG_WARN_OBJC_ROOT_CLASS = YES_ERROR;
				CLANG_WARN_RANGE_LOOP_ANALYSIS = YES;
				CLANG_WARN_STRICT_PROTOTYPES = YES;
				CLANG_WARN_SUSPICIOUS_MOVE = YES;
				CLANG_WARN_UNGUARDED_AVAILABILITY = YES_AGGRESSIVE;
				CLANG_WARN_UNREACHABLE_CODE = YES;
				CLANG_WARN__DUPLICATE_METHOD_MATCH = YES;
				COPY_PHASE_STRIP = NO;
				DEBUG_INFORMATION_FORMAT = "dwarf-with-dsym";
				ENABLE_NS_ASSERTIONS = NO;
				ENABLE_STRICT_OBJC_MSGSEND = YES;
				GCC_C_LANGUAGE_STANDARD = gnu11;
				GCC_NO_COMMON_BLOCKS = YES;
				GCC_WARN_64_TO_32_BIT_CONVERSION = YES;
				GCC_WARN_ABOUT_RETURN_TYPE = YES_ERROR;
				GCC_WARN_UNDECLARED_SELECTOR = YES;
				GCC_WARN_UNINITIALIZED_AUTOS = YES_AGGRESSIVE;
				GCC_WARN_UNUSED_FUNCTION = YES;
				GCC_WARN_UNUSED_VARIABLE = YES;
				IPHONEOS_DEPLOYMENT_TARGET = 13.2;
				MTL_ENABLE_DEBUG_INFO = NO;
				MTL_FAST_MATH = YES;
				SDKROOT = iphoneos;
				SWIFT_COMPILATION_MODE = wholemodule;
				SWIFT_OPTIMIZATION_LEVEL = "-O";
				VALIDATE_PRODUCT = YES;
			};
			name = Release;
		};
		90ABE369240BF84D00E21BAF /* Debug */ = {
			isa = XCBuildConfiguration;
			baseConfigurationReference = 119D6C2770937FD4DA79827E /* Pods-Todoey.debug.xcconfig */;
			buildSettings = {
				ASSETCATALOG_COMPILER_APPICON_NAME = AppIcon;
				CODE_SIGN_STYLE = Automatic;
				INFOPLIST_FILE = Todoey/Info.plist;
				LD_RUNPATH_SEARCH_PATHS = (
					"$(inherited)",
					"@executable_path/Frameworks",
				);
				PRODUCT_BUNDLE_IDENTIFIER = com.shenxinyi.Todoey;
				PRODUCT_NAME = "$(TARGET_NAME)";
				SWIFT_VERSION = 5.0;
				TARGETED_DEVICE_FAMILY = "1,2";
			};
			name = Debug;
		};
		90ABE36A240BF84D00E21BAF /* Release */ = {
			isa = XCBuildConfiguration;
			baseConfigurationReference = 5F21C5B59965F13641119995 /* Pods-Todoey.release.xcconfig */;
			buildSettings = {
				ASSETCATALOG_COMPILER_APPICON_NAME = AppIcon;
				CODE_SIGN_STYLE = Automatic;
				INFOPLIST_FILE = Todoey/Info.plist;
				LD_RUNPATH_SEARCH_PATHS = (
					"$(inherited)",
					"@executable_path/Frameworks",
				);
				PRODUCT_BUNDLE_IDENTIFIER = com.shenxinyi.Todoey;
				PRODUCT_NAME = "$(TARGET_NAME)";
				SWIFT_VERSION = 5.0;
				TARGETED_DEVICE_FAMILY = "1,2";
			};
			name = Release;
		};
/* End XCBuildConfiguration section */

/* Begin XCConfigurationList section */
		90ABE34F240BF84B00E21BAF /* Build configuration list for PBXProject "Todoey" */ = {
			isa = XCConfigurationList;
			buildConfigurations = (
				90ABE366240BF84D00E21BAF /* Debug */,
				90ABE367240BF84D00E21BAF /* Release */,
			);
			defaultConfigurationIsVisible = 0;
			defaultConfigurationName = Release;
		};
		90ABE368240BF84D00E21BAF /* Build configuration list for PBXNativeTarget "Todoey" */ = {
			isa = XCConfigurationList;
			buildConfigurations = (
				90ABE369240BF84D00E21BAF /* Debug */,
				90ABE36A240BF84D00E21BAF /* Release */,
			);
			defaultConfigurationIsVisible = 0;
			defaultConfigurationName = Release;
		};
/* End XCConfigurationList section */
	};
	rootObject = 90ABE34C240BF84B00E21BAF /* Project object */;
}
