// !$*UTF8*$!
{
	archiveVersion = 1;
	classes = {
	};
	objectVersion = 50;
	objects = {

/* Begin PBXBuildFile section */
		9017228F23FBD0AD0087706A /* AppDelegate.swift in Sources */ = {isa = PBXBuildFile; fileRef = 9017228E23FBD0AD0087706A /* AppDelegate.swift */; };
		9017229123FBD0AD0087706A /* SceneDelegate.swift in Sources */ = {isa = PBXBuildFile; fileRef = 9017229023FBD0AD0087706A /* SceneDelegate.swift */; };
		9017229323FBD0AD0087706A /* CalculateViewController.swift in Sources */ = {isa = PBXBuildFile; fileRef = 9017229223FBD0AD0087706A /* CalculateViewController.swift */; };
		9017229623FBD0AD0087706A /* Main.storyboard in Resources */ = {isa = PBXBuildFile; fileRef = 9017229423FBD0AD0087706A /* Main.storyboard */; };
		9017229823FBD0B00087706A /* Assets.xcassets in Resources */ = {isa = PBXBuildFile; fileRef = 9017229723FBD0B00087706A /* Assets.xcassets */; };
		9017229B23FBD0B00087706A /* LaunchScreen.storyboard in Resources */ = {isa = PBXBuildFile; fileRef = 9017229923FBD0B00087706A /* LaunchScreen.storyboard */; };
		901722A723FBDFBD0087706A /* ResultViewController.swift in Sources */ = {isa = PBXBuildFile; fileRef = 901722A623FBDFBD0087706A /* ResultViewController.swift */; };
		901722AA23FBE3E50087706A /* CalculatorBrain.swift in Sources */ = {isa = PBXBuildFile; fileRef = 901722A923FBE3E50087706A /* CalculatorBrain.swift */; };
		901722AC23FBEF7A0087706A /* BMI.swift in Sources */ = {isa = PBXBuildFile; fileRef = 901722AB23FBEF790087706A /* BMI.swift */; };
/* End PBXBuildFile section */

/* Begin PBXFileReference section */
		9017228B23FBD0AD0087706A /* BMI Calculator.app */ = {isa = PBXFileReference; explicitFileType = wrapper.application; includeInIndex = 0; path = "BMI Calculator.app"; sourceTree = BUILT_PRODUCTS_DIR; };
		9017228E23FBD0AD0087706A /* AppDelegate.swift */ = {isa = PBXFileReference; lastKnownFileType = sourcecode.swift; path = AppDelegate.swift; sourceTree = "<group>"; };
		9017229023FBD0AD0087706A /* SceneDelegate.swift */ = {isa = PBXFileReference; lastKnownFileType = sourcecode.swift; path = SceneDelegate.swift; sourceTree = "<group>"; };
		9017229223FBD0AD0087706A /* CalculateViewController.swift */ = {isa = PBXFileReference; lastKnownFileType = sourcecode.swift; path = CalculateViewController.swift; sourceTree = "<group>"; };
		9017229523FBD0AD0087706A /* Base */ = {isa = PBXFileReference; lastKnownFileType = file.storyboard; name = Base; path = Base.lproj/Main.storyboard; sourceTree = "<group>"; };
		9017229723FBD0B00087706A /* Assets.xcassets */ = {isa = PBXFileReference; lastKnownFileType = folder.assetcatalog; path = Assets.xcassets; sourceTree = "<group>"; };
		9017229A23FBD0B00087706A /* Base */ = {isa = PBXFileReference; lastKnownFileType = file.storyboard; name = Base; path = Base.lproj/LaunchScreen.storyboard; sourceTree = "<group>"; };
		9017229C23FBD0B00087706A /* Info.plist */ = {isa = PBXFileReference; lastKnownFileType = text.plist.xml; path = Info.plist; sourceTree = "<group>"; };
		901722A623FBDFBD0087706A /* ResultViewController.swift */ = {isa = PBXFileReference; lastKnownFileType = sourcecode.swift; path = ResultViewController.swift; sourceTree = "<group>"; };
		901722A923FBE3E50087706A /* CalculatorBrain.swift */ = {isa = PBXFileReference; lastKnownFileType = sourcecode.swift; path = CalculatorBrain.swift; sourceTree = "<group>"; };
		901722AB23FBEF790087706A /* BMI.swift */ = {isa = PBXFileReference; lastKnownFileType = sourcecode.swift; path = BMI.swift; sourceTree = "<group>"; };
/* End PBXFileReference section */

/* Begin PBXFrameworksBuildPhase section */
		9017228823FBD0AD0087706A /* Frameworks */ = {
			isa = PBXFrameworksBuildPhase;
			buildActionMask = 2147483647;
			files = (
			);
			runOnlyForDeploymentPostprocessing = 0;
		};
/* End PBXFrameworksBuildPhase section */

/* Begin PBXGroup section */
		9017228223FBD0AD0087706A = {
			isa = PBXGroup;
			children = (
				9017228D23FBD0AD0087706A /* BMI Calculator */,
				9017228C23FBD0AD0087706A /* Products */,
			);
			sourceTree = "<group>";
		};
		9017228C23FBD0AD0087706A /* Products */ = {
			isa = PBXGroup;
			children = (
				9017228B23FBD0AD0087706A /* BMI Calculator.app */,
			);
			name = Products;
			sourceTree = "<group>";
		};
		9017228D23FBD0AD0087706A /* BMI Calculator */ = {
			isa = PBXGroup;
			children = (
				9017228E23FBD0AD0087706A /* AppDelegate.swift */,
				9017229023FBD0AD0087706A /* SceneDelegate.swift */,
				901722A823FBE3D70087706A /* Model */,
				901722A223FBD0F40087706A /* Controller */,
				901722A323FBD1090087706A /* View */,
				9017229723FBD0B00087706A /* Assets.xcassets */,
				9017229923FBD0B00087706A /* LaunchScreen.storyboard */,
				9017229C23FBD0B00087706A /* Info.plist */,
			);
			path = "BMI Calculator";
			sourceTree = "<group>";
		};
		901722A223FBD0F40087706A /* Controller */ = {
			isa = PBXGroup;
			children = (
				9017229223FBD0AD0087706A /* CalculateViewController.swift */,
				901722A623FBDFBD0087706A /* ResultViewController.swift */,
			);
			path = Controller;
			sourceTree = "<group>";
		};
		901722A323FBD1090087706A /* View */ = {
			isa = PBXGroup;
			children = (
				9017229423FBD0AD0087706A /* Main.storyboard */,
			);
			path = View;
			sourceTree = "<group>";
		};
		901722A823FBE3D70087706A /* Model */ = {
			isa = PBXGroup;
			children = (
				901722A923FBE3E50087706A /* CalculatorBrain.swift */,
				901722AB23FBEF790087706A /* BMI.swift */,
			);
			path = Model;
			sourceTree = "<group>";
		};
/* End PBXGroup section */

/* Begin PBXNativeTarget section */
		9017228A23FBD0AD0087706A /* BMI Calculator */ = {
			isa = PBXNativeTarget;
			buildConfigurationList = 9017229F23FBD0B00087706A /* Build configuration list for PBXNativeTarget "BMI Calculator" */;
			buildPhases = (
				9017228723FBD0AD0087706A /* Sources */,
				9017228823FBD0AD0087706A /* Frameworks */,
				9017228923FBD0AD0087706A /* Resources */,
			);
			buildRules = (
			);
			dependencies = (
			);
			name = "BMI Calculator";
			productName = "BMI Calculator";
			productReference = 9017228B23FBD0AD0087706A /* BMI Calculator.app */;
			productType = "com.apple.product-type.application";
		};
/* End PBXNativeTarget section */

/* Begin PBXProject section */
		9017228323FBD0AD0087706A /* Project object */ = {
			isa = PBXProject;
			attributes = {
				LastSwiftUpdateCheck = 1130;
				LastUpgradeCheck = 1130;
				ORGANIZATIONNAME = "Xinyi Shen";
				TargetAttributes = {
					9017228A23FBD0AD0087706A = {
						CreatedOnToolsVersion = 11.3.1;
					};
				};
			};
			buildConfigurationList = 9017228623FBD0AD0087706A /* Build configuration list for PBXProject "BMI Calculator" */;
			compatibilityVersion = "Xcode 9.3";
			developmentRegion = en;
			hasScannedForEncodings = 0;
			knownRegions = (
				en,
				Base,
			);
			mainGroup = 9017228223FBD0AD0087706A;
			productRefGroup = 9017228C23FBD0AD0087706A /* Products */;
			projectDirPath = "";
			projectRoot = "";
			targets = (
				9017228A23FBD0AD0087706A /* BMI Calculator */,
			);
		};
/* End PBXProject section */

/* Begin PBXResourcesBuildPhase section */
		9017228923FBD0AD0087706A /* Resources */ = {
			isa = PBXResourcesBuildPhase;
			buildActionMask = 2147483647;
			files = (
				9017229B23FBD0B00087706A /* LaunchScreen.storyboard in Resources */,
				9017229823FBD0B00087706A /* Assets.xcassets in Resources */,
				9017229623FBD0AD0087706A /* Main.storyboard in Resources */,
			);
			runOnlyForDeploymentPostprocessing = 0;
		};
/* End PBXResourcesBuildPhase section */

/* Begin PBXSourcesBuildPhase section */
		9017228723FBD0AD0087706A /* Sources */ = {
			isa = PBXSourcesBuildPhase;
			buildActionMask = 2147483647;
			files = (
				9017229323FBD0AD0087706A /* CalculateViewController.swift in Sources */,
				9017228F23FBD0AD0087706A /* AppDelegate.swift in Sources */,
				9017229123FBD0AD0087706A /* SceneDelegate.swift in Sources */,
				901722AA23FBE3E50087706A /* CalculatorBrain.swift in Sources */,
				901722AC23FBEF7A0087706A /* BMI.swift in Sources */,
				901722A723FBDFBD0087706A /* ResultViewController.swift in Sources */,
			);
			runOnlyForDeploymentPostprocessing = 0;
		};
/* End PBXSourcesBuildPhase section */

/* Begin PBXVariantGroup section */
		9017229423FBD0AD0087706A /* Main.storyboard */ = {
			isa = PBXVariantGroup;
			children = (
				9017229523FBD0AD0087706A /* Base */,
			);
			name = Main.storyboard;
			sourceTree = "<group>";
		};
		9017229923FBD0B00087706A /* LaunchScreen.storyboard */ = {
			isa = PBXVariantGroup;
			children = (
				9017229A23FBD0B00087706A /* Base */,
			);
			name = LaunchScreen.storyboard;
			sourceTree = "<group>";
		};
/* End PBXVariantGroup section */

/* Begin XCBuildConfiguration section */
		9017229D23FBD0B00087706A /* Debug */ = {
			isa = XCBuildConfiguration;
			buildSettings = {
				ALWAYS_SEARCH_USER_PATHS = NO;
				CLANG_ANALYZER_NONNULL = YES;
				CLANG_ANALYZER_NUMBER_OBJECT_CONVERSION = YES_AGGRESSIVE;
				CLANG_CXX_LANGUAGE_STANDARD = "gnu++14";
				CLANG_CXX_LIBRARY = "libc++";
				CLANG_ENABLE_MODULES = YES;
				CLANG_ENABLE_OBJC_ARC = YES;
				CLANG_ENABLE_OBJC_WEAK = YES;
				CLANG_WARN_BLOCK_CAPTURE_AUTORELEASING = YES;
				CLANG_WARN_BOOL_CONVERSION = YES;
				CLANG_WARN_COMMA = YES;
				CLANG_WARN_CONSTANT_CONVERSION = YES;
				CLANG_WARN_DEPRECATED_OBJC_IMPLEMENTATIONS = YES;
				CLANG_WARN_DIRECT_OBJC_ISA_USAGE = YES_ERROR;
				CLANG_WARN_DOCUMENTATION_COMMENTS = YES;
				CLANG_WARN_EMPTY_BODY = YES;
				CLANG_WARN_ENUM_CONVERSION = YES;
				CLANG_WARN_INFINITE_RECURSION = YES;
				CLANG_WARN_INT_CONVERSION = YES;
				CLANG_WARN_NON_LITERAL_NULL_CONVERSION = YES;
				CLANG_WARN_OBJC_IMPLICIT_RETAIN_SELF = YES;
				CLANG_WARN_OBJC_LITERAL_CONVERSION = YES;
				CLANG_WARN_OBJC_ROOT_CLASS = YES_ERROR;
				CLANG_WARN_RANGE_LOOP_ANALYSIS = YES;
				CLANG_WARN_STRICT_PROTOTYPES = YES;
				CLANG_WARN_SUSPICIOUS_MOVE = YES;
				CLANG_WARN_UNGUARDED_AVAILABILITY = YES_AGGRESSIVE;
				CLANG_WARN_UNREACHABLE_CODE = YES;
				CLANG_WARN__DUPLICATE_METHOD_MATCH = YES;
				COPY_PHASE_STRIP = NO;
				DEBUG_INFORMATION_FORMAT = dwarf;
				ENABLE_STRICT_OBJC_MSGSEND = YES;
				ENABLE_TESTABILITY = YES;
				GCC_C_LANGUAGE_STANDARD = gnu11;
				GCC_DYNAMIC_NO_PIC = NO;
				GCC_NO_COMMON_BLOCKS = YES;
				GCC_OPTIMIZATION_LEVEL = 0;
				GCC_PREPROCESSOR_DEFINITIONS = (
					"DEBUG=1",
					"$(inherited)",
				);
				GCC_WARN_64_TO_32_BIT_CONVERSION = YES;
				GCC_WARN_ABOUT_RETURN_TYPE = YES_ERROR;
				GCC_WARN_UNDECLARED_SELECTOR = YES;
				GCC_WARN_UNINITIALIZED_AUTOS = YES_AGGRESSIVE;
				GCC_WARN_UNUSED_FUNCTION = YES;
				GCC_WARN_UNUSED_VARIABLE = YES;
				IPHONEOS_DEPLOYMENT_TARGET = 13.2;
				MTL_ENABLE_DEBUG_INFO = INCLUDE_SOURCE;
				MTL_FAST_MATH = YES;
				ONLY_ACTIVE_ARCH = YES;
				SDKROOT = iphoneos;
				SWIFT_ACTIVE_COMPILATION_CONDITIONS = DEBUG;
				SWIFT_OPTIMIZATION_LEVEL = "-Onone";
			};
			name = Debug;
		};
		9017229E23FBD0B00087706A /* Release */ = {
			isa = XCBuildConfiguration;
			buildSettings = {
				ALWAYS_SEARCH_USER_PATHS = NO;
				CLANG_ANALYZER_NONNULL = YES;
				CLANG_ANALYZER_NUMBER_OBJECT_CONVERSION = YES_AGGRESSIVE;
				CLANG_CXX_LANGUAGE_STANDARD = "gnu++14";
				CLANG_CXX_LIBRARY = "libc++";
				CLANG_ENABLE_MODULES = YES;
				CLANG_ENABLE_OBJC_ARC = YES;
				CLANG_ENABLE_OBJC_WEAK = YES;
				CLANG_WARN_BLOCK_CAPTURE_AUTORELEASING = YES;
				CLANG_WARN_BOOL_CONVERSION = YES;
				CLANG_WARN_COMMA = YES;
				CLANG_WARN_CONSTANT_CONVERSION = YES;
				CLANG_WARN_DEPRECATED_OBJC_IMPLEMENTATIONS = YES;
				CLANG_WARN_DIRECT_OBJC_ISA_USAGE = YES_ERROR;
				CLANG_WARN_DOCUMENTATION_COMMENTS = YES;
				CLANG_WARN_EMPTY_BODY = YES;
				CLANG_WARN_ENUM_CONVERSION = YES;
				CLANG_WARN_INFINITE_RECURSION = YES;
				CLANG_WARN_INT_CONVERSION = YES;
				CLANG_WARN_NON_LITERAL_NULL_CONVERSION = YES;
				CLANG_WARN_OBJC_IMPLICIT_RETAIN_SELF = YES;
				CLANG_WARN_OBJC_LITERAL_CONVERSION = YES;
				CLANG_WARN_OBJC_ROOT_CLASS = YES_ERROR;
				CLANG_WARN_RANGE_LOOP_ANALYSIS = YES;
				CLANG_WARN_STRICT_PROTOTYPES = YES;
				CLANG_WARN_SUSPICIOUS_MOVE = YES;
				CLANG_WARN_UNGUARDED_AVAILABILITY = YES_AGGRESSIVE;
				CLANG_WARN_UNREACHABLE_CODE = YES;
				CLANG_WARN__DUPLICATE_METHOD_MATCH = YES;
				COPY_PHASE_STRIP = NO;
				DEBUG_INFORMATION_FORMAT = "dwarf-with-dsym";
				ENABLE_NS_ASSERTIONS = NO;
				ENABLE_STRICT_OBJC_MSGSEND = YES;
				GCC_C_LANGUAGE_STANDARD = gnu11;
				GCC_NO_COMMON_BLOCKS = YES;
				GCC_WARN_64_TO_32_BIT_CONVERSION = YES;
				GCC_WARN_ABOUT_RETURN_TYPE = YES_ERROR;
				GCC_WARN_UNDECLARED_SELECTOR = YES;
				GCC_WARN_UNINITIALIZED_AUTOS = YES_AGGRESSIVE;
				GCC_WARN_UNUSED_FUNCTION = YES;
				GCC_WARN_UNUSED_VARIABLE = YES;
				IPHONEOS_DEPLOYMENT_TARGET = 13.2;
				MTL_ENABLE_DEBUG_INFO = NO;
				MTL_FAST_MATH = YES;
				SDKROOT = iphoneos;
				SWIFT_COMPILATION_MODE = wholemodule;
				SWIFT_OPTIMIZATION_LEVEL = "-O";
				VALIDATE_PRODUCT = YES;
			};
			name = Release;
		};
		901722A023FBD0B00087706A /* Debug */ = {
			isa = XCBuildConfiguration;
			buildSettings = {
				ASSETCATALOG_COMPILER_APPICON_NAME = AppIcon;
				CODE_SIGN_STYLE = Automatic;
				INFOPLIST_FILE = "BMI Calculator/Info.plist";
				LD_RUNPATH_SEARCH_PATHS = (
					"$(inherited)",
					"@executable_path/Frameworks",
				);
				PRODUCT_BUNDLE_IDENTIFIER = "com.shenxinyi.BMI-Calculator";
				PRODUCT_NAME = "$(TARGET_NAME)";
				SWIFT_VERSION = 5.0;
				TARGETED_DEVICE_FAMILY = "1,2";
			};
			name = Debug;
		};
		901722A123FBD0B00087706A /* Release */ = {
			isa = XCBuildConfiguration;
			buildSettings = {
				ASSETCATALOG_COMPILER_APPICON_NAME = AppIcon;
				CODE_SIGN_STYLE = Automatic;
				INFOPLIST_FILE = "BMI Calculator/Info.plist";
				LD_RUNPATH_SEARCH_PATHS = (
					"$(inherited)",
					"@executable_path/Frameworks",
				);
				PRODUCT_BUNDLE_IDENTIFIER = "com.shenxinyi.BMI-Calculator";
				PRODUCT_NAME = "$(TARGET_NAME)";
				SWIFT_VERSION = 5.0;
				TARGETED_DEVICE_FAMILY = "1,2";
			};
			name = Release;
		};
/* End XCBuildConfiguration section */

/* Begin XCConfigurationList section */
		9017228623FBD0AD0087706A /* Build configuration list for PBXProject "BMI Calculator" */ = {
			isa = XCConfigurationList;
			buildConfigurations = (
				9017229D23FBD0B00087706A /* Debug */,
				9017229E23FBD0B00087706A /* Release */,
			);
			defaultConfigurationIsVisible = 0;
			defaultConfigurationName = Release;
		};
		9017229F23FBD0B00087706A /* Build configuration list for PBXNativeTarget "BMI Calculator" */ = {
			isa = XCConfigurationList;
			buildConfigurations = (
				901722A023FBD0B00087706A /* Debug */,
				901722A123FBD0B00087706A /* Release */,
			);
			defaultConfigurationIsVisible = 0;
			defaultConfigurationName = Release;
		};
/* End XCConfigurationList section */
	};
	rootObject = 9017228323FBD0AD0087706A /* Project object */;
}
