// !$*UTF8*$!
{
	archiveVersion = 1;
	classes = {
	};
	objectVersion = 50;
	objects = {

/* Begin PBXBuildFile section */
		90CE5F6A23F98BD300795D79 /* AppDelegate.swift in Sources */ = {isa = PBXBuildFile; fileRef = 90CE5F6923F98BD300795D79 /* AppDelegate.swift */; };
		90CE5F6C23F98BD300795D79 /* SceneDelegate.swift in Sources */ = {isa = PBXBuildFile; fileRef = 90CE5F6B23F98BD300795D79 /* SceneDelegate.swift */; };
		90CE5F6E23F98BD300795D79 /* ViewController.swift in Sources */ = {isa = PBXBuildFile; fileRef = 90CE5F6D23F98BD300795D79 /* ViewController.swift */; };
		90CE5F7123F98BD300795D79 /* Main.storyboard in Resources */ = {isa = PBXBuildFile; fileRef = 90CE5F6F23F98BD300795D79 /* Main.storyboard */; };
		90CE5F7323F98BD500795D79 /* Assets.xcassets in Resources */ = {isa = PBXBuildFile; fileRef = 90CE5F7223F98BD500795D79 /* Assets.xcassets */; };
		90CE5F7623F98BD500795D79 /* LaunchScreen.storyboard in Resources */ = {isa = PBXBuildFile; fileRef = 90CE5F7423F98BD500795D79 /* LaunchScreen.storyboard */; };
		90CE5F8523F98C4A00795D79 /* A.wav in Resources */ = {isa = PBXBuildFile; fileRef = 90CE5F7E23F98C4A00795D79 /* A.wav */; };
		90CE5F8623F98C4A00795D79 /* C.wav in Resources */ = {isa = PBXBuildFile; fileRef = 90CE5F7F23F98C4A00795D79 /* C.wav */; };
		90CE5F8723F98C4A00795D79 /* B.wav in Resources */ = {isa = PBXBuildFile; fileRef = 90CE5F8023F98C4A00795D79 /* B.wav */; };
		90CE5F8823F98C4A00795D79 /* F.wav in Resources */ = {isa = PBXBuildFile; fileRef = 90CE5F8123F98C4A00795D79 /* F.wav */; };
		90CE5F8923F98C4A00795D79 /* G.wav in Resources */ = {isa = PBXBuildFile; fileRef = 90CE5F8223F98C4A00795D79 /* G.wav */; };
		90CE5F8A23F98C4A00795D79 /* E.wav in Resources */ = {isa = PBXBuildFile; fileRef = 90CE5F8323F98C4A00795D79 /* E.wav */; };
		90CE5F8B23F98C4A00795D79 /* D.wav in Resources */ = {isa = PBXBuildFile; fileRef = 90CE5F8423F98C4A00795D79 /* D.wav */; };
/* End PBXBuildFile section */

/* Begin PBXFileReference section */
		90CE5F6623F98BD300795D79 /* Xylophone.app */ = {isa = PBXFileReference; explicitFileType = wrapper.application; includeInIndex = 0; path = Xylophone.app; sourceTree = BUILT_PRODUCTS_DIR; };
		90CE5F6923F98BD300795D79 /* AppDelegate.swift */ = {isa = PBXFileReference; lastKnownFileType = sourcecode.swift; path = AppDelegate.swift; sourceTree = "<group>"; };
		90CE5F6B23F98BD300795D79 /* SceneDelegate.swift */ = {isa = PBXFileReference; lastKnownFileType = sourcecode.swift; path = SceneDelegate.swift; sourceTree = "<group>"; };
		90CE5F6D23F98BD300795D79 /* ViewController.swift */ = {isa = PBXFileReference; lastKnownFileType = sourcecode.swift; path = ViewController.swift; sourceTree = "<group>"; };
		90CE5F7023F98BD300795D79 /* Base */ = {isa = PBXFileReference; lastKnownFileType = file.storyboard; name = Base; path = Base.lproj/Main.storyboard; sourceTree = "<group>"; };
		90CE5F7223F98BD500795D79 /* Assets.xcassets */ = {isa = PBXFileReference; lastKnownFileType = folder.assetcatalog; path = Assets.xcassets; sourceTree = "<group>"; };
		90CE5F7523F98BD500795D79 /* Base */ = {isa = PBXFileReference; lastKnownFileType = file.storyboard; name = Base; path = Base.lproj/LaunchScreen.storyboard; sourceTree = "<group>"; };
		90CE5F7723F98BD500795D79 /* Info.plist */ = {isa = PBXFileReference; lastKnownFileType = text.plist.xml; path = Info.plist; sourceTree = "<group>"; };
		90CE5F7E23F98C4A00795D79 /* A.wav */ = {isa = PBXFileReference; lastKnownFileType = audio.wav; path = A.wav; sourceTree = "<group>"; };
		90CE5F7F23F98C4A00795D79 /* C.wav */ = {isa = PBXFileReference; lastKnownFileType = audio.wav; path = C.wav; sourceTree = "<group>"; };
		90CE5F8023F98C4A00795D79 /* B.wav */ = {isa = PBXFileReference; lastKnownFileType = audio.wav; path = B.wav; sourceTree = "<group>"; };
		90CE5F8123F98C4A00795D79 /* F.wav */ = {isa = PBXFileReference; lastKnownFileType = audio.wav; path = F.wav; sourceTree = "<group>"; };
		90CE5F8223F98C4A00795D79 /* G.wav */ = {isa = PBXFileReference; lastKnownFileType = audio.wav; path = G.wav; sourceTree = "<group>"; };
		90CE5F8323F98C4A00795D79 /* E.wav */ = {isa = PBXFileReference; lastKnownFileType = audio.wav; path = E.wav; sourceTree = "<group>"; };
		90CE5F8423F98C4A00795D79 /* D.wav */ = {isa = PBXFileReference; lastKnownFileType = audio.wav; path = D.wav; sourceTree = "<group>"; };
/* End PBXFileReference section */

/* Begin PBXFrameworksBuildPhase section */
		90CE5F6323F98BD300795D79 /* Frameworks */ = {
			isa = PBXFrameworksBuildPhase;
			buildActionMask = 2147483647;
			files = (
			);
			runOnlyForDeploymentPostprocessing = 0;
		};
/* End PBXFrameworksBuildPhase section */

/* Begin PBXGroup section */
		90CE5F5D23F98BD300795D79 = {
			isa = PBXGroup;
			children = (
				90CE5F6823F98BD300795D79 /* Xylophone */,
				90CE5F6723F98BD300795D79 /* Products */,
			);
			sourceTree = "<group>";
		};
		90CE5F6723F98BD300795D79 /* Products */ = {
			isa = PBXGroup;
			children = (
				90CE5F6623F98BD300795D79 /* Xylophone.app */,
			);
			name = Products;
			sourceTree = "<group>";
		};
		90CE5F6823F98BD300795D79 /* Xylophone */ = {
			isa = PBXGroup;
			children = (
				90CE5F6923F98BD300795D79 /* AppDelegate.swift */,
				90CE5F6B23F98BD300795D79 /* SceneDelegate.swift */,
				90CE5F6D23F98BD300795D79 /* ViewController.swift */,
				90CE5F6F23F98BD300795D79 /* Main.storyboard */,
				90CE5F7223F98BD500795D79 /* Assets.xcassets */,
				90CE5F7423F98BD500795D79 /* LaunchScreen.storyboard */,
				90CE5F7723F98BD500795D79 /* Info.plist */,
				90CE5F7D23F98C4A00795D79 /* Sounds */,
			);
			path = Xylophone;
			sourceTree = "<group>";
		};
		90CE5F7D23F98C4A00795D79 /* Sounds */ = {
			isa = PBXGroup;
			children = (
				90CE5F7E23F98C4A00795D79 /* A.wav */,
				90CE5F8023F98C4A00795D79 /* B.wav */,
				90CE5F7F23F98C4A00795D79 /* C.wav */,
				90CE5F8423F98C4A00795D79 /* D.wav */,
				90CE5F8323F98C4A00795D79 /* E.wav */,
				90CE5F8123F98C4A00795D79 /* F.wav */,
				90CE5F8223F98C4A00795D79 /* G.wav */,
			);
			path = Sounds;
			sourceTree = "<group>";
		};
/* End PBXGroup section */

/* Begin PBXNativeTarget section */
		90CE5F6523F98BD300795D79 /* Xylophone */ = {
			isa = PBXNativeTarget;
			buildConfigurationList = 90CE5F7A23F98BD500795D79 /* Build configuration list for PBXNativeTarget "Xylophone" */;
			buildPhases = (
				90CE5F6223F98BD300795D79 /* Sources */,
				90CE5F6323F98BD300795D79 /* Frameworks */,
				90CE5F6423F98BD300795D79 /* Resources */,
			);
			buildRules = (
			);
			dependencies = (
			);
			name = Xylophone;
			productName = Xylophone;
			productReference = 90CE5F6623F98BD300795D79 /* Xylophone.app */;
			productType = "com.apple.product-type.application";
		};
/* End PBXNativeTarget section */

/* Begin PBXProject section */
		90CE5F5E23F98BD300795D79 /* Project object */ = {
			isa = PBXProject;
			attributes = {
				LastSwiftUpdateCheck = 1130;
				LastUpgradeCheck = 1130;
				ORGANIZATIONNAME = "Xinyi Shen";
				TargetAttributes = {
					90CE5F6523F98BD300795D79 = {
						CreatedOnToolsVersion = 11.3.1;
					};
				};
			};
			buildConfigurationList = 90CE5F6123F98BD300795D79 /* Build configuration list for PBXProject "Xylophone" */;
			compatibilityVersion = "Xcode 9.3";
			developmentRegion = en;
			hasScannedForEncodings = 0;
			knownRegions = (
				en,
				Base,
			);
			mainGroup = 90CE5F5D23F98BD300795D79;
			productRefGroup = 90CE5F6723F98BD300795D79 /* Products */;
			projectDirPath = "";
			projectRoot = "";
			targets = (
				90CE5F6523F98BD300795D79 /* Xylophone */,
			);
		};
/* End PBXProject section */

/* Begin PBXResourcesBuildPhase section */
		90CE5F6423F98BD300795D79 /* Resources */ = {
			isa = PBXResourcesBuildPhase;
			buildActionMask = 2147483647;
			files = (
				90CE5F8923F98C4A00795D79 /* G.wav in Resources */,
				90CE5F7623F98BD500795D79 /* LaunchScreen.storyboard in Resources */,
				90CE5F8823F98C4A00795D79 /* F.wav in Resources */,
				90CE5F7323F98BD500795D79 /* Assets.xcassets in Resources */,
				90CE5F8523F98C4A00795D79 /* A.wav in Resources */,
				90CE5F8723F98C4A00795D79 /* B.wav in Resources */,
				90CE5F8A23F98C4A00795D79 /* E.wav in Resources */,
				90CE5F8B23F98C4A00795D79 /* D.wav in Resources */,
				90CE5F7123F98BD300795D79 /* Main.storyboard in Resources */,
				90CE5F8623F98C4A00795D79 /* C.wav in Resources */,
			);
			runOnlyForDeploymentPostprocessing = 0;
		};
/* End PBXResourcesBuildPhase section */

/* Begin PBXSourcesBuildPhase section */
		90CE5F6223F98BD300795D79 /* Sources */ = {
			isa = PBXSourcesBuildPhase;
			buildActionMask = 2147483647;
			files = (
				90CE5F6E23F98BD300795D79 /* ViewController.swift in Sources */,
				90CE5F6A23F98BD300795D79 /* AppDelegate.swift in Sources */,
				90CE5F6C23F98BD300795D79 /* SceneDelegate.swift in Sources */,
			);
			runOnlyForDeploymentPostprocessing = 0;
		};
/* End PBXSourcesBuildPhase section */

/* Begin PBXVariantGroup section */
		90CE5F6F23F98BD300795D79 /* Main.storyboard */ = {
			isa = PBXVariantGroup;
			children = (
				90CE5F7023F98BD300795D79 /* Base */,
			);
			name = Main.storyboard;
			sourceTree = "<group>";
		};
		90CE5F7423F98BD500795D79 /* LaunchScreen.storyboard */ = {
			isa = PBXVariantGroup;
			children = (
				90CE5F7523F98BD500795D79 /* Base */,
			);
			name = LaunchScreen.storyboard;
			sourceTree = "<group>";
		};
/* End PBXVariantGroup section */

/* Begin XCBuildConfiguration section */
		90CE5F7823F98BD500795D79 /* Debug */ = {
			isa = XCBuildConfiguration;
			buildSettings = {
				ALWAYS_SEARCH_USER_PATHS = NO;
				CLANG_ANALYZER_NONNULL = YES;
				CLANG_ANALYZER_NUMBER_OBJECT_CONVERSION = YES_AGGRESSIVE;
				CLANG_CXX_LANGUAGE_STANDARD = "gnu++14";
				CLANG_CXX_LIBRARY = "libc++";
				CLANG_ENABLE_MODULES = YES;
				CLANG_ENABLE_OBJC_ARC = YES;
				CLANG_ENABLE_OBJC_WEAK = YES;
				CLANG_WARN_BLOCK_CAPTURE_AUTORELEASING = YES;
				CLANG_WARN_BOOL_CONVERSION = YES;
				CLANG_WARN_COMMA = YES;
				CLANG_WARN_CONSTANT_CONVERSION = YES;
				CLANG_WARN_DEPRECATED_OBJC_IMPLEMENTATIONS = YES;
				CLANG_WARN_DIRECT_OBJC_ISA_USAGE = YES_ERROR;
				CLANG_WARN_DOCUMENTATION_COMMENTS = YES;
				CLANG_WARN_EMPTY_BODY = YES;
				CLANG_WARN_ENUM_CONVERSION = YES;
				CLANG_WARN_INFINITE_RECURSION = YES;
				CLANG_WARN_INT_CONVERSION = YES;
				CLANG_WARN_NON_LITERAL_NULL_CONVERSION = YES;
				CLANG_WARN_OBJC_IMPLICIT_RETAIN_SELF = YES;
				CLANG_WARN_OBJC_LITERAL_CONVERSION = YES;
				CLANG_WARN_OBJC_ROOT_CLASS = YES_ERROR;
				CLANG_WARN_RANGE_LOOP_ANALYSIS = YES;
				CLANG_WARN_STRICT_PROTOTYPES = YES;
				CLANG_WARN_SUSPICIOUS_MOVE = YES;
				CLANG_WARN_UNGUARDED_AVAILABILITY = YES_AGGRESSIVE;
				CLANG_WARN_UNREACHABLE_CODE = YES;
				CLANG_WARN__DUPLICATE_METHOD_MATCH = YES;
				COPY_PHASE_STRIP = NO;
				DEBUG_INFORMATION_FORMAT = dwarf;
				ENABLE_STRICT_OBJC_MSGSEND = YES;
				ENABLE_TESTABILITY = YES;
				GCC_C_LANGUAGE_STANDARD = gnu11;
				GCC_DYNAMIC_NO_PIC = NO;
				GCC_NO_COMMON_BLOCKS = YES;
				GCC_OPTIMIZATION_LEVEL = 0;
				GCC_PREPROCESSOR_DEFINITIONS = (
					"DEBUG=1",
					"$(inherited)",
				);
				GCC_WARN_64_TO_32_BIT_CONVERSION = YES;
				GCC_WARN_ABOUT_RETURN_TYPE = YES_ERROR;
				GCC_WARN_UNDECLARED_SELECTOR = YES;
				GCC_WARN_UNINITIALIZED_AUTOS = YES_AGGRESSIVE;
				GCC_WARN_UNUSED_FUNCTION = YES;
				GCC_WARN_UNUSED_VARIABLE = YES;
				IPHONEOS_DEPLOYMENT_TARGET = 13.2;
				MTL_ENABLE_DEBUG_INFO = INCLUDE_SOURCE;
				MTL_FAST_MATH = YES;
				ONLY_ACTIVE_ARCH = YES;
				SDKROOT = iphoneos;
				SWIFT_ACTIVE_COMPILATION_CONDITIONS = DEBUG;
				SWIFT_OPTIMIZATION_LEVEL = "-Onone";
			};
			name = Debug;
		};
		90CE5F7923F98BD500795D79 /* Release */ = {
			isa = XCBuildConfiguration;
			buildSettings = {
				ALWAYS_SEARCH_USER_PATHS = NO;
				CLANG_ANALYZER_NONNULL = YES;
				CLANG_ANALYZER_NUMBER_OBJECT_CONVERSION = YES_AGGRESSIVE;
				CLANG_CXX_LANGUAGE_STANDARD = "gnu++14";
				CLANG_CXX_LIBRARY = "libc++";
				CLANG_ENABLE_MODULES = YES;
				CLANG_ENABLE_OBJC_ARC = YES;
				CLANG_ENABLE_OBJC_WEAK = YES;
				CLANG_WARN_BLOCK_CAPTURE_AUTORELEASING = YES;
				CLANG_WARN_BOOL_CONVERSION = YES;
				CLANG_WARN_COMMA = YES;
				CLANG_WARN_CONSTANT_CONVERSION = YES;
				CLANG_WARN_DEPRECATED_OBJC_IMPLEMENTATIONS = YES;
				CLANG_WARN_DIRECT_OBJC_ISA_USAGE = YES_ERROR;
				CLANG_WARN_DOCUMENTATION_COMMENTS = YES;
				CLANG_WARN_EMPTY_BODY = YES;
				CLANG_WARN_ENUM_CONVERSION = YES;
				CLANG_WARN_INFINITE_RECURSION = YES;
				CLANG_WARN_INT_CONVERSION = YES;
				CLANG_WARN_NON_LITERAL_NULL_CONVERSION = YES;
				CLANG_WARN_OBJC_IMPLICIT_RETAIN_SELF = YES;
				CLANG_WARN_OBJC_LITERAL_CONVERSION = YES;
				CLANG_WARN_OBJC_ROOT_CLASS = YES_ERROR;
				CLANG_WARN_RANGE_LOOP_ANALYSIS = YES;
				CLANG_WARN_STRICT_PROTOTYPES = YES;
				CLANG_WARN_SUSPICIOUS_MOVE = YES;
				CLANG_WARN_UNGUARDED_AVAILABILITY = YES_AGGRESSIVE;
				CLANG_WARN_UNREACHABLE_CODE = YES;
				CLANG_WARN__DUPLICATE_METHOD_MATCH = YES;
				COPY_PHASE_STRIP = NO;
				DEBUG_INFORMATION_FORMAT = "dwarf-with-dsym";
				ENABLE_NS_ASSERTIONS = NO;
				ENABLE_STRICT_OBJC_MSGSEND = YES;
				GCC_C_LANGUAGE_STANDARD = gnu11;
				GCC_NO_COMMON_BLOCKS = YES;
				GCC_WARN_64_TO_32_BIT_CONVERSION = YES;
				GCC_WARN_ABOUT_RETURN_TYPE = YES_ERROR;
				GCC_WARN_UNDECLARED_SELECTOR = YES;
				GCC_WARN_UNINITIALIZED_AUTOS = YES_AGGRESSIVE;
				GCC_WARN_UNUSED_FUNCTION = YES;
				GCC_WARN_UNUSED_VARIABLE = YES;
				IPHONEOS_DEPLOYMENT_TARGET = 13.2;
				MTL_ENABLE_DEBUG_INFO = NO;
				MTL_FAST_MATH = YES;
				SDKROOT = iphoneos;
				SWIFT_COMPILATION_MODE = wholemodule;
				SWIFT_OPTIMIZATION_LEVEL = "-O";
				VALIDATE_PRODUCT = YES;
			};
			name = Release;
		};
		90CE5F7B23F98BD500795D79 /* Debug */ = {
			isa = XCBuildConfiguration;
			buildSettings = {
				ASSETCATALOG_COMPILER_APPICON_NAME = AppIcon;
				CODE_SIGN_STYLE = Automatic;
				INFOPLIST_FILE = Xylophone/Info.plist;
				LD_RUNPATH_SEARCH_PATHS = (
					"$(inherited)",
					"@executable_path/Frameworks",
				);
				PRODUCT_BUNDLE_IDENTIFIER = com.shenxinyi.Xylophone;
				PRODUCT_NAME = "$(TARGET_NAME)";
				SWIFT_VERSION = 5.0;
				TARGETED_DEVICE_FAMILY = "1,2";
			};
			name = Debug;
		};
		90CE5F7C23F98BD500795D79 /* Release */ = {
			isa = XCBuildConfiguration;
			buildSettings = {
				ASSETCATALOG_COMPILER_APPICON_NAME = AppIcon;
				CODE_SIGN_STYLE = Automatic;
				INFOPLIST_FILE = Xylophone/Info.plist;
				LD_RUNPATH_SEARCH_PATHS = (
					"$(inherited)",
					"@executable_path/Frameworks",
				);
				PRODUCT_BUNDLE_IDENTIFIER = com.shenxinyi.Xylophone;
				PRODUCT_NAME = "$(TARGET_NAME)";
				SWIFT_VERSION = 5.0;
				TARGETED_DEVICE_FAMILY = "1,2";
			};
			name = Release;
		};
/* End XCBuildConfiguration section */

/* Begin XCConfigurationList section */
		90CE5F6123F98BD300795D79 /* Build configuration list for PBXProject "Xylophone" */ = {
			isa = XCConfigurationList;
			buildConfigurations = (
				90CE5F7823F98BD500795D79 /* Debug */,
				90CE5F7923F98BD500795D79 /* Release */,
			);
			defaultConfigurationIsVisible = 0;
			defaultConfigurationName = Release;
		};
		90CE5F7A23F98BD500795D79 /* Build configuration list for PBXNativeTarget "Xylophone" */ = {
			isa = XCConfigurationList;
			buildConfigurations = (
				90CE5F7B23F98BD500795D79 /* Debug */,
				90CE5F7C23F98BD500795D79 /* Release */,
			);
			defaultConfigurationIsVisible = 0;
			defaultConfigurationName = Release;
		};
/* End XCConfigurationList section */
	};
	rootObject = 90CE5F5E23F98BD300795D79 /* Project object */;
}
