PODS:
  - CLTypingLabel (0.4.0)

DEPENDENCIES:
  - CLTypingLabel (~> 0.4.0)

SPEC REPOS:
  https://github.com/CocoaPods/Specs.git:
    - CLTypingLabel

SPEC CHECKSUMS:
  CLTypingLabel: 95a7d1faf7e3d1d952cd11cb0491d17d80c50934

PODFILE CHECKSUM: 81d3820bdfd3f035d6a26e85d5ebc1c3e1e16e47

COCOAPODS: 1.9.0
