// !$*UTF8*$!
{
	archiveVersion = 1;
	classes = {
	};
	objectVersion = 50;
	objects = {

/* Begin PBXBuildFile section */
		907947B823FADCE700CD907C /* AppDelegate.swift in Sources */ = {isa = PBXBuildFile; fileRef = 907947B723FADCE700CD907C /* AppDelegate.swift */; };
		907947BA23FADCE700CD907C /* SceneDelegate.swift in Sources */ = {isa = PBXBuildFile; fileRef = 907947B923FADCE700CD907C /* SceneDelegate.swift */; };
		907947BC23FADCE700CD907C /* ViewController.swift in Sources */ = {isa = PBXBuildFile; fileRef = 907947BB23FADCE700CD907C /* ViewController.swift */; };
		907947BF23FADCE700CD907C /* Main.storyboard in Resources */ = {isa = PBXBuildFile; fileRef = 907947BD23FADCE700CD907C /* Main.storyboard */; };
		907947C123FADCEA00CD907C /* Assets.xcassets in Resources */ = {isa = PBXBuildFile; fileRef = 907947C023FADCEA00CD907C /* Assets.xcassets */; };
		907947C423FADCEA00CD907C /* LaunchScreen.storyboard in Resources */ = {isa = PBXBuildFile; fileRef = 907947C223FADCEA00CD907C /* LaunchScreen.storyboard */; };
		907947CE23FADE8F00CD907C /* Story.swift in Sources */ = {isa = PBXBuildFile; fileRef = 907947CD23FADE8F00CD907C /* Story.swift */; };
		907947D123FADEAA00CD907C /* StoryBrain.swift in Sources */ = {isa = PBXBuildFile; fileRef = 907947D023FADEAA00CD907C /* StoryBrain.swift */; };
/* End PBXBuildFile section */

/* Begin PBXFileReference section */
		907947B423FADCE700CD907C /* Destini.app */ = {isa = PBXFileReference; explicitFileType = wrapper.application; includeInIndex = 0; path = Destini.app; sourceTree = BUILT_PRODUCTS_DIR; };
		907947B723FADCE700CD907C /* AppDelegate.swift */ = {isa = PBXFileReference; lastKnownFileType = sourcecode.swift; path = AppDelegate.swift; sourceTree = "<group>"; };
		907947B923FADCE700CD907C /* SceneDelegate.swift */ = {isa = PBXFileReference; lastKnownFileType = sourcecode.swift; path = SceneDelegate.swift; sourceTree = "<group>"; };
		907947BB23FADCE700CD907C /* ViewController.swift */ = {isa = PBXFileReference; lastKnownFileType = sourcecode.swift; path = ViewController.swift; sourceTree = "<group>"; };
		907947BE23FADCE700CD907C /* Base */ = {isa = PBXFileReference; lastKnownFileType = file.storyboard; name = Base; path = Base.lproj/Main.storyboard; sourceTree = "<group>"; };
		907947C023FADCEA00CD907C /* Assets.xcassets */ = {isa = PBXFileReference; lastKnownFileType = folder.assetcatalog; path = Assets.xcassets; sourceTree = "<group>"; };
		907947C323FADCEA00CD907C /* Base */ = {isa = PBXFileReference; lastKnownFileType = file.storyboard; name = Base; path = Base.lproj/LaunchScreen.storyboard; sourceTree = "<group>"; };
		907947C523FADCEA00CD907C /* Info.plist */ = {isa = PBXFileReference; lastKnownFileType = text.plist.xml; path = Info.plist; sourceTree = "<group>"; };
		907947CD23FADE8F00CD907C /* Story.swift */ = {isa = PBXFileReference; lastKnownFileType = sourcecode.swift; path = Story.swift; sourceTree = "<group>"; };
		907947D023FADEAA00CD907C /* StoryBrain.swift */ = {isa = PBXFileReference; lastKnownFileType = sourcecode.swift; path = StoryBrain.swift; sourceTree = "<group>"; };
/* End PBXFileReference section */

/* Begin PBXFrameworksBuildPhase section */
		907947B123FADCE700CD907C /* Frameworks */ = {
			isa = PBXFrameworksBuildPhase;
			buildActionMask = 2147483647;
			files = (
			);
			runOnlyForDeploymentPostprocessing = 0;
		};
/* End PBXFrameworksBuildPhase section */

/* Begin PBXGroup section */
		907947AB23FADCE700CD907C = {
			isa = PBXGroup;
			children = (
				907947B623FADCE700CD907C /* Destini */,
				907947B523FADCE700CD907C /* Products */,
			);
			sourceTree = "<group>";
		};
		907947B523FADCE700CD907C /* Products */ = {
			isa = PBXGroup;
			children = (
				907947B423FADCE700CD907C /* Destini.app */,
			);
			name = Products;
			sourceTree = "<group>";
		};
		907947B623FADCE700CD907C /* Destini */ = {
			isa = PBXGroup;
			children = (
				907947B723FADCE700CD907C /* AppDelegate.swift */,
				907947B923FADCE700CD907C /* SceneDelegate.swift */,
				907947CF23FADE9500CD907C /* Model */,
				907947CC23FADE7000CD907C /* View */,
				907947CB23FADE6600CD907C /* Controller */,
				907947C023FADCEA00CD907C /* Assets.xcassets */,
				907947C223FADCEA00CD907C /* LaunchScreen.storyboard */,
				907947C523FADCEA00CD907C /* Info.plist */,
			);
			path = Destini;
			sourceTree = "<group>";
		};
		907947CB23FADE6600CD907C /* Controller */ = {
			isa = PBXGroup;
			children = (
				907947BB23FADCE700CD907C /* ViewController.swift */,
			);
			path = Controller;
			sourceTree = "<group>";
		};
		907947CC23FADE7000CD907C /* View */ = {
			isa = PBXGroup;
			children = (
				907947BD23FADCE700CD907C /* Main.storyboard */,
			);
			path = View;
			sourceTree = "<group>";
		};
		907947CF23FADE9500CD907C /* Model */ = {
			isa = PBXGroup;
			children = (
				907947CD23FADE8F00CD907C /* Story.swift */,
				907947D023FADEAA00CD907C /* StoryBrain.swift */,
			);
			path = Model;
			sourceTree = "<group>";
		};
/* End PBXGroup section */

/* Begin PBXNativeTarget section */
		907947B323FADCE700CD907C /* Destini */ = {
			isa = PBXNativeTarget;
			buildConfigurationList = 907947C823FADCEA00CD907C /* Build configuration list for PBXNativeTarget "Destini" */;
			buildPhases = (
				907947B023FADCE700CD907C /* Sources */,
				907947B123FADCE700CD907C /* Frameworks */,
				907947B223FADCE700CD907C /* Resources */,
			);
			buildRules = (
			);
			dependencies = (
			);
			name = Destini;
			productName = Destini;
			productReference = 907947B423FADCE700CD907C /* Destini.app */;
			productType = "com.apple.product-type.application";
		};
/* End PBXNativeTarget section */

/* Begin PBXProject section */
		907947AC23FADCE700CD907C /* Project object */ = {
			isa = PBXProject;
			attributes = {
				LastSwiftUpdateCheck = 1130;
				LastUpgradeCheck = 1130;
				ORGANIZATIONNAME = "Xinyi Shen";
				TargetAttributes = {
					907947B323FADCE700CD907C = {
						CreatedOnToolsVersion = 11.3.1;
					};
				};
			};
			buildConfigurationList = 907947AF23FADCE700CD907C /* Build configuration list for PBXProject "Destini" */;
			compatibilityVersion = "Xcode 9.3";
			developmentRegion = en;
			hasScannedForEncodings = 0;
			knownRegions = (
				en,
				Base,
			);
			mainGroup = 907947AB23FADCE700CD907C;
			productRefGroup = 907947B523FADCE700CD907C /* Products */;
			projectDirPath = "";
			projectRoot = "";
			targets = (
				907947B323FADCE700CD907C /* Destini */,
			);
		};
/* End PBXProject section */

/* Begin PBXResourcesBuildPhase section */
		907947B223FADCE700CD907C /* Resources */ = {
			isa = PBXResourcesBuildPhase;
			buildActionMask = 2147483647;
			files = (
				907947C423FADCEA00CD907C /* LaunchScreen.storyboard in Resources */,
				907947C123FADCEA00CD907C /* Assets.xcassets in Resources */,
				907947BF23FADCE700CD907C /* Main.storyboard in Resources */,
			);
			runOnlyForDeploymentPostprocessing = 0;
		};
/* End PBXResourcesBuildPhase section */

/* Begin PBXSourcesBuildPhase section */
		907947B023FADCE700CD907C /* Sources */ = {
			isa = PBXSourcesBuildPhase;
			buildActionMask = 2147483647;
			files = (
				907947D123FADEAA00CD907C /* StoryBrain.swift in Sources */,
				907947BC23FADCE700CD907C /* ViewController.swift in Sources */,
				907947B823FADCE700CD907C /* AppDelegate.swift in Sources */,
				907947BA23FADCE700CD907C /* SceneDelegate.swift in Sources */,
				907947CE23FADE8F00CD907C /* Story.swift in Sources */,
			);
			runOnlyForDeploymentPostprocessing = 0;
		};
/* End PBXSourcesBuildPhase section */

/* Begin PBXVariantGroup section */
		907947BD23FADCE700CD907C /* Main.storyboard */ = {
			isa = PBXVariantGroup;
			children = (
				907947BE23FADCE700CD907C /* Base */,
			);
			name = Main.storyboard;
			sourceTree = "<group>";
		};
		907947C223FADCEA00CD907C /* LaunchScreen.storyboard */ = {
			isa = PBXVariantGroup;
			children = (
				907947C323FADCEA00CD907C /* Base */,
			);
			name = LaunchScreen.storyboard;
			sourceTree = "<group>";
		};
/* End PBXVariantGroup section */

/* Begin XCBuildConfiguration section */
		907947C623FADCEA00CD907C /* Debug */ = {
			isa = XCBuildConfiguration;
			buildSettings = {
				ALWAYS_SEARCH_USER_PATHS = NO;
				CLANG_ANALYZER_NONNULL = YES;
				CLANG_ANALYZER_NUMBER_OBJECT_CONVERSION = YES_AGGRESSIVE;
				CLANG_CXX_LANGUAGE_STANDARD = "gnu++14";
				CLANG_CXX_LIBRARY = "libc++";
				CLANG_ENABLE_MODULES = YES;
				CLANG_ENABLE_OBJC_ARC = YES;
				CLANG_ENABLE_OBJC_WEAK = YES;
				CLANG_WARN_BLOCK_CAPTURE_AUTORELEASING = YES;
				CLANG_WARN_BOOL_CONVERSION = YES;
				CLANG_WARN_COMMA = YES;
				CLANG_WARN_CONSTANT_CONVERSION = YES;
				CLANG_WARN_DEPRECATED_OBJC_IMPLEMENTATIONS = YES;
				CLANG_WARN_DIRECT_OBJC_ISA_USAGE = YES_ERROR;
				CLANG_WARN_DOCUMENTATION_COMMENTS = YES;
				CLANG_WARN_EMPTY_BODY = YES;
				CLANG_WARN_ENUM_CONVERSION = YES;
				CLANG_WARN_INFINITE_RECURSION = YES;
				CLANG_WARN_INT_CONVERSION = YES;
				CLANG_WARN_NON_LITERAL_NULL_CONVERSION = YES;
				CLANG_WARN_OBJC_IMPLICIT_RETAIN_SELF = YES;
				CLANG_WARN_OBJC_LITERAL_CONVERSION = YES;
				CLANG_WARN_OBJC_ROOT_CLASS = YES_ERROR;
				CLANG_WARN_RANGE_LOOP_ANALYSIS = YES;
				CLANG_WARN_STRICT_PROTOTYPES = YES;
				CLANG_WARN_SUSPICIOUS_MOVE = YES;
				CLANG_WARN_UNGUARDED_AVAILABILITY = YES_AGGRESSIVE;
				CLANG_WARN_UNREACHABLE_CODE = YES;
				CLANG_WARN__DUPLICATE_METHOD_MATCH = YES;
				COPY_PHASE_STRIP = NO;
				DEBUG_INFORMATION_FORMAT = dwarf;
				ENABLE_STRICT_OBJC_MSGSEND = YES;
				ENABLE_TESTABILITY = YES;
				GCC_C_LANGUAGE_STANDARD = gnu11;
				GCC_DYNAMIC_NO_PIC = NO;
				GCC_NO_COMMON_BLOCKS = YES;
				GCC_OPTIMIZATION_LEVEL = 0;
				GCC_PREPROCESSOR_DEFINITIONS = (
					"DEBUG=1",
					"$(inherited)",
				);
				GCC_WARN_64_TO_32_BIT_CONVERSION = YES;
				GCC_WARN_ABOUT_RETURN_TYPE = YES_ERROR;
				GCC_WARN_UNDECLARED_SELECTOR = YES;
				GCC_WARN_UNINITIALIZED_AUTOS = YES_AGGRESSIVE;
				GCC_WARN_UNUSED_FUNCTION = YES;
				GCC_WARN_UNUSED_VARIABLE = YES;
				IPHONEOS_DEPLOYMENT_TARGET = 13.2;
				MTL_ENABLE_DEBUG_INFO = INCLUDE_SOURCE;
				MTL_FAST_MATH = YES;
				ONLY_ACTIVE_ARCH = YES;
				SDKROOT = iphoneos;
				SWIFT_ACTIVE_COMPILATION_CONDITIONS = DEBUG;
				SWIFT_OPTIMIZATION_LEVEL = "-Onone";
			};
			name = Debug;
		};
		907947C723FADCEA00CD907C /* Release */ = {
			isa = XCBuildConfiguration;
			buildSettings = {
				ALWAYS_SEARCH_USER_PATHS = NO;
				CLANG_ANALYZER_NONNULL = YES;
				CLANG_ANALYZER_NUMBER_OBJECT_CONVERSION = YES_AGGRESSIVE;
				CLANG_CXX_LANGUAGE_STANDARD = "gnu++14";
				CLANG_CXX_LIBRARY = "libc++";
				CLANG_ENABLE_MODULES = YES;
				CLANG_ENABLE_OBJC_ARC = YES;
				CLANG_ENABLE_OBJC_WEAK = YES;
				CLANG_WARN_BLOCK_CAPTURE_AUTORELEASING = YES;
				CLANG_WARN_BOOL_CONVERSION = YES;
				CLANG_WARN_COMMA = YES;
				CLANG_WARN_CONSTANT_CONVERSION = YES;
				CLANG_WARN_DEPRECATED_OBJC_IMPLEMENTATIONS = YES;
				CLANG_WARN_DIRECT_OBJC_ISA_USAGE = YES_ERROR;
				CLANG_WARN_DOCUMENTATION_COMMENTS = YES;
				CLANG_WARN_EMPTY_BODY = YES;
				CLANG_WARN_ENUM_CONVERSION = YES;
				CLANG_WARN_INFINITE_RECURSION = YES;
				CLANG_WARN_INT_CONVERSION = YES;
				CLANG_WARN_NON_LITERAL_NULL_CONVERSION = YES;
				CLANG_WARN_OBJC_IMPLICIT_RETAIN_SELF = YES;
				CLANG_WARN_OBJC_LITERAL_CONVERSION = YES;
				CLANG_WARN_OBJC_ROOT_CLASS = YES_ERROR;
				CLANG_WARN_RANGE_LOOP_ANALYSIS = YES;
				CLANG_WARN_STRICT_PROTOTYPES = YES;
				CLANG_WARN_SUSPICIOUS_MOVE = YES;
				CLANG_WARN_UNGUARDED_AVAILABILITY = YES_AGGRESSIVE;
				CLANG_WARN_UNREACHABLE_CODE = YES;
				CLANG_WARN__DUPLICATE_METHOD_MATCH = YES;
				COPY_PHASE_STRIP = NO;
				DEBUG_INFORMATION_FORMAT = "dwarf-with-dsym";
				ENABLE_NS_ASSERTIONS = NO;
				ENABLE_STRICT_OBJC_MSGSEND = YES;
				GCC_C_LANGUAGE_STANDARD = gnu11;
				GCC_NO_COMMON_BLOCKS = YES;
				GCC_WARN_64_TO_32_BIT_CONVERSION = YES;
				GCC_WARN_ABOUT_RETURN_TYPE = YES_ERROR;
				GCC_WARN_UNDECLARED_SELECTOR = YES;
				GCC_WARN_UNINITIALIZED_AUTOS = YES_AGGRESSIVE;
				GCC_WARN_UNUSED_FUNCTION = YES;
				GCC_WARN_UNUSED_VARIABLE = YES;
				IPHONEOS_DEPLOYMENT_TARGET = 13.2;
				MTL_ENABLE_DEBUG_INFO = NO;
				MTL_FAST_MATH = YES;
				SDKROOT = iphoneos;
				SWIFT_COMPILATION_MODE = wholemodule;
				SWIFT_OPTIMIZATION_LEVEL = "-O";
				VALIDATE_PRODUCT = YES;
			};
			name = Release;
		};
		907947C923FADCEA00CD907C /* Debug */ = {
			isa = XCBuildConfiguration;
			buildSettings = {
				ASSETCATALOG_COMPILER_APPICON_NAME = AppIcon;
				CODE_SIGN_STYLE = Automatic;
				INFOPLIST_FILE = Destini/Info.plist;
				LD_RUNPATH_SEARCH_PATHS = (
					"$(inherited)",
					"@executable_path/Frameworks",
				);
				PRODUCT_BUNDLE_IDENTIFIER = com.shenxinyi.Destini;
				PRODUCT_NAME = "$(TARGET_NAME)";
				SWIFT_VERSION = 5.0;
				TARGETED_DEVICE_FAMILY = "1,2";
			};
			name = Debug;
		};
		907947CA23FADCEA00CD907C /* Release */ = {
			isa = XCBuildConfiguration;
			buildSettings = {
				ASSETCATALOG_COMPILER_APPICON_NAME = AppIcon;
				CODE_SIGN_STYLE = Automatic;
				INFOPLIST_FILE = Destini/Info.plist;
				LD_RUNPATH_SEARCH_PATHS = (
					"$(inherited)",
					"@executable_path/Frameworks",
				);
				PRODUCT_BUNDLE_IDENTIFIER = com.shenxinyi.Destini;
				PRODUCT_NAME = "$(TARGET_NAME)";
				SWIFT_VERSION = 5.0;
				TARGETED_DEVICE_FAMILY = "1,2";
			};
			name = Release;
		};
/* End XCBuildConfiguration section */

/* Begin XCConfigurationList section */
		907947AF23FADCE700CD907C /* Build configuration list for PBXProject "Destini" */ = {
			isa = XCConfigurationList;
			buildConfigurations = (
				907947C623FADCEA00CD907C /* Debug */,
				907947C723FADCEA00CD907C /* Release */,
			);
			defaultConfigurationIsVisible = 0;
			defaultConfigurationName = Release;
		};
		907947C823FADCEA00CD907C /* Build configuration list for PBXNativeTarget "Destini" */ = {
			isa = XCConfigurationList;
			buildConfigurations = (
				907947C923FADCEA00CD907C /* Debug */,
				907947CA23FADCEA00CD907C /* Release */,
			);
			defaultConfigurationIsVisible = 0;
			defaultConfigurationName = Release;
		};
/* End XCConfigurationList section */
	};
	rootObject = 907947AC23FADCE700CD907C /* Project object */;
}
